
Microsoft Visual Studio Solution File, Format Version 12.00
# Visual Studio Version 16
VisualStudioVersion = 16.0.32413.511
MinimumVisualStudioVersion = 10.0.40219.1
Project("{8BC9CEB8-8B4A-11D0-8D11-00A0C91BC942}") = "Project0517", "Project0517.vcxproj", "{5A58D3A4-BE69-4D88-A6F2-5EEDC3E6420D}"
EndProject
Global
	GlobalSection(SolutionConfigurationPlatforms) = preSolution
		Debug|x64 = Debug|x64
		Debug|x86 = Debug|x86
		Release|x64 = Release|x64
		Release|x86 = Release|x86
	EndGlobalSection
	GlobalSection(ProjectConfigurationPlatforms) = postSolution
		{5A58D3A4-BE69-4D88-A6F2-5EEDC3E6420D}.Debug|x64.ActiveCfg = Debug|x64
		{5A58D3A4-BE69-4D88-A6F2-5EEDC3E6420D}.Debug|x64.Build.0 = Debug|x64
		{5A58D3A4-BE69-4D88-A6F2-5EEDC3E6420D}.Debug|x86.ActiveCfg = Debug|Win32
		{5A58D3A4-BE69-4D88-A6F2-5EEDC3E6420D}.Debug|x86.Build.0 = Debug|Win32
		{5A58D3A4-BE69-4D88-A6F2-5EEDC3E6420D}.Release|x64.ActiveCfg = Release|x64
		{5A58D3A4-BE69-4D88-A6F2-5EEDC3E6420D}.Release|x64.Build.0 = Release|x64
		{5A58D3A4-BE69-4D88-A6F2-5EEDC3E6420D}.Release|x86.ActiveCfg = Release|Win32
		{5A58D3A4-BE69-4D88-A6F2-5EEDC3E6420D}.Release|x86.Build.0 = Release|Win32
	EndGlobalSection
	GlobalSection(SolutionProperties) = preSolution
		HideSolutionNode = FALSE
	EndGlobalSection
	GlobalSection(ExtensibilityGlobals) = postSolution
		SolutionGuid = {C5B06044-4D89-4D0D-824B-B03D3D6F458A}
	EndGlobalSection
EndGlobal
